#MicroXplorer Configuration settings - do not modify
Mcu.Family=STM32F7
ProjectManager.MainLocation=Core/Src
Dma.SPI2_TX.0.MemInc=DMA_MINC_ENABLE
RCC.SAI1Freq_Value=96000000
PG6.Signal=GPIO_Output
ProjectManager.KeepUserCode=true
Mcu.UserName=STM32F765ZITx
PE11.GPIOParameters=GPIO_Label
SPI2.VirtualType=VM_MASTER
PB10.Mode=Simplex_Bidirectional_Master
UART8.IPParameters=BaudRate
PE11.GPIO_Label=DISPLAY_PWM
PG6.Locked=true
RCC.PLLCLKFreq_Value=96000000
PG0.Locked=true
PG6.GPIO_Label=UART7_DE
RCC.PLLQCLKFreq_Value=96000000
PG0.Signal=GPIO_Input
PD3.GPIOParameters=GPIO_Label
ProjectManager.functionlistsort=1-MX_GPIO_Init-GPIO-false-HAL-true,2-MX_DMA_Init-DMA-false-HAL-true,3-SystemClock_Config-RCC-false-HAL-false,4-MX_UART7_Init-UART7-false-HAL-true,5-MX_UART8_Init-UART8-false-HAL-true,6-MX_SPI2_Init-SPI2-false-HAL-true,0-MX_CORTEX_M7_Init-CORTEX_M7-false-HAL-true
RCC.PLLI2SRCLKFreq_Value=96000000
Dma.SPI2_TX.0.RequestParameters=Instance,Direction,PeriphInc,MemInc,PeriphDataAlignment,MemDataAlignment,Mode,Priority,FIFOMode,FIFOThreshold,MemBurst,PeriphBurst
PB11.Signal=GPIO_Output
NVIC.DMA1_Stream4_IRQn=true\:0\:0\:false\:false\:true\:false\:true
PB15.Signal=SPI2_MOSI
PF12.GPIOParameters=GPIO_Label
Dma.SPI2_TX.0.Instance=DMA1_Stream4
PinOutPanel.RotationAngle=0
ProjectManager.StackSize=0x400
Dma.SPI2_TX.0.MemDataAlignment=DMA_MDATAALIGN_HALFWORD
Mcu.IP4=SPI2
Mcu.IP5=SYS
Mcu.IP2=NVIC
NVIC.SVCall_IRQn=true\:0\:0\:false\:false\:true\:false\:false
Mcu.IP3=RCC
PA15.GPIO_Label=DISPLAY_D
Mcu.IP0=CORTEX_M7
Mcu.IP1=DMA
SPI2.CLKPolarity=SPI_POLARITY_LOW
Mcu.UserConstants=
RCC.SDMMCFreq_Value=16000000
Mcu.ThirdPartyNb=0
Mcu.IPNb=8
ProjectManager.PreviousToolchain=
RCC.SPDIFRXFreq_Value=96000000
PF11.GPIO_Label=BTN_5
PF12.Signal=GPIO_Input
Mcu.Pin6=PE7
RCC.SAI2Freq_Value=96000000
Mcu.Pin7=PE8
Mcu.Pin8=PE11
Mcu.Pin9=PB10
RCC.VCOSAIOutputFreq_Value=192000000
Dma.SPI2_TX.0.Mode=DMA_CIRCULAR
PE1.Signal=UART8_TX
SPI2.BaudRatePrescaler=SPI_BAUDRATEPRESCALER_4
Mcu.Pin0=PB2
Mcu.Pin1=PF11
Mcu.Pin2=PF12
Mcu.Pin3=PF14
Mcu.Pin4=PF15
Mcu.Pin5=PG0
RCC.PLLSAIRCLKFreq_Value=96000000
ProjectManager.ProjectBuild=false
RCC.HSE_VALUE=25000000
NVIC.UsageFault_IRQn=true\:0\:0\:false\:false\:true\:false\:false
NVIC.DebugMonitor_IRQn=true\:0\:0\:false\:false\:true\:false\:false
PB2.Signal=GPIO_Output
PB3.Mode=Trace_Asynchronous_SW
NVIC.SysTick_IRQn=true\:0\:0\:false\:false\:true\:false\:true
ProjectManager.FirmwarePackage=STM32Cube FW_F7 V1.16.1
MxDb.Version=DB.6.0.20
PF12.GPIO_Label=BTN_2
ProjectManager.BackupPrevious=false
RCC.VCOInputFreq_Value=1000000
PA14.Mode=Trace_Asynchronous_SW
PE8.Locked=true
PF11.Signal=GPIO_Input
File.Version=6
SPI2.CalculateBaudRate=4.0 MBits/s
PE1.Locked=true
NVIC.PendSV_IRQn=true\:0\:0\:false\:false\:true\:false\:false
PF11.GPIOParameters=GPIO_Label
Dma.RequestsNb=1
ProjectManager.HalAssertFull=false
ProjectManager.ProjectName=teslactrl
Mcu.Package=LQFP144
Dma.SPI2_TX.0.PeriphBurst=DMA_PBURST_SINGLE
UART8.BaudRate=19200
SPI2.Mode=SPI_MODE_MASTER
ProjectManager.ToolChainLocation=
RCC.LSI_VALUE=32000
VP_SYS_VS_Systick.Signal=SYS_VS_Systick
PA15.Signal=GPIO_Output
PG0.GPIO_Label=BTN_4
RCC.DFSDMFreq_Value=16000000
SPI2.CLKPhase=SPI_PHASE_1EDGE
Dma.SPI2_TX.0.PeriphInc=DMA_PINC_DISABLE
RCC.CECFreq_Value=32786.88524590164
PF14.Signal=GPIO_Input
NVIC.BusFault_IRQn=true\:0\:0\:false\:false\:true\:false\:false
SPI2.Direction=SPI_DIRECTION_1LINE
PD3.GPIO_Label=DISPLAY_CS
PB10.GPIOParameters=GPIO_Label
PE7.Signal=UART7_RX
Dma.Request0=SPI2_TX
PF15.GPIOParameters=GPIO_Label
ProjectManager.CustomerFirmwarePackage=
RCC.PLLSAIQCLKFreq_Value=96000000
PB15.Locked=true
RCC.I2SFreq_Value=96000000
ProjectManager.ProjectFileName=teslactrl.ioc
PA15.GPIOParameters=GPIO_Label
Mcu.PinsNb=21
ProjectManager.NoMain=false
PD3.Signal=GPIO_Output
PE1.Mode=Asynchronous
PB11.GPIO_Label=DISPLAY_RST
ProjectManager.DefaultFWLocation=true
PF14.GPIO_Label=BTN_3
ProjectManager.DeletePrevious=true
RCC.FamilyName=M
PE8.Mode=Asynchronous
PA13.Signal=SYS_JTMS-SWDIO
PA15.Locked=true
ProjectManager.TargetToolchain=STM32CubeIDE
PB10.GPIO_Label=DISPLAY_SCK
PF15.Locked=true
PB2.GPIOParameters=GPIO_Label
PB11.GPIOParameters=GPIO_Label
SPI2.IPParameters=VirtualType,Mode,Direction,CalculateBaudRate,DataSize,BaudRatePrescaler,CLKPolarity,CLKPhase
ProjectManager.RegisterCallBack=
PE0.Locked=true
RCC.USBFreq_Value=96000000
RCC.PLLSAIoutputFreq_Value=96000000
PE11.Signal=GPIO_Output
RCC.LSE_VALUE=32768
PD3.Locked=true
PB10.Signal=SPI2_SCK
RCC.VCOI2SOutputFreq_Value=192000000
PG6.GPIOParameters=GPIO_Label
RCC.PLLSAIPCLKFreq_Value=96000000
board=custom
RCC.VCOOutputFreq_Value=192000000
ProjectManager.LastFirmware=true
PF14.GPIOParameters=GPIO_Label
PB15.Mode=Simplex_Bidirectional_Master
Dma.SPI2_TX.0.FIFOThreshold=DMA_FIFO_THRESHOLD_FULL
MxCube.Version=6.2.0
PB15.GPIO_Label=DISPLAY_MOSI
PE8.Signal=UART7_TX
RCC.PLLI2SPCLKFreq_Value=96000000
Dma.SPI2_TX.0.PeriphDataAlignment=DMA_PDATAALIGN_HALFWORD
RCC.RNGFreq_Value=96000000
VP_SYS_VS_Systick.Mode=SysTick
PF12.Locked=true
PF11.Locked=true
PF15.GPIO_Label=BTN_1
PF15.Signal=GPIO_Input
NVIC.NonMaskableInt_IRQn=true\:0\:0\:false\:false\:true\:false\:false
PF14.Locked=true
PE7.Locked=true
PB15.GPIOParameters=GPIO_Label
PA13.Mode=Trace_Asynchronous_SW
ProjectManager.FreePins=false
RCC.IPParameters=CECFreq_Value,DFSDMFreq_Value,FamilyName,HSE_VALUE,HSI_VALUE,I2SFreq_Value,LSE_VALUE,LSI_VALUE,PLLCLKFreq_Value,PLLI2SPCLKFreq_Value,PLLI2SQCLKFreq_Value,PLLI2SRCLKFreq_Value,PLLQCLKFreq_Value,PLLSAIPCLKFreq_Value,PLLSAIQCLKFreq_Value,PLLSAIRCLKFreq_Value,PLLSAIoutputFreq_Value,RNGFreq_Value,SAI1Freq_Value,SAI2Freq_Value,SDMMC2Freq_Value,SDMMCFreq_Value,SPDIFRXFreq_Value,USBFreq_Value,VCOI2SOutputFreq_Value,VCOInputFreq_Value,VCOOutputFreq_Value,VCOSAIOutputFreq_Value
PE11.Locked=true
ProjectManager.AskForMigrate=true
PE0.Signal=UART8_RX
Mcu.Name=STM32F765Z(G-I)Tx
RCC.PLLI2SQCLKFreq_Value=96000000
Dma.SPI2_TX.0.FIFOMode=DMA_FIFOMODE_ENABLE
ProjectManager.UnderRoot=true
PB2.Locked=true
Mcu.IP6=UART7
Mcu.IP7=UART8
ProjectManager.CoupleFile=false
PB3.Signal=SYS_JTDO-SWO
Dma.SPI2_TX.0.Priority=DMA_PRIORITY_LOW
PE7.Mode=Asynchronous
Mcu.Pin20=VP_SYS_VS_Systick
NVIC.ForceEnableDMAVector=true
KeepUserPlacement=false
NVIC.MemoryManagement_IRQn=true\:0\:0\:false\:false\:true\:false\:false
Dma.SPI2_TX.0.MemBurst=DMA_MBURST_SINGLE
ProjectManager.CompilerOptimize=6
PA14.Signal=SYS_JTCK-SWCLK
PB2.GPIO_Label=LIFE_LED
ProjectManager.HeapSize=0x200
Mcu.Pin15=PA15
NVIC.HardFault_IRQn=true\:0\:0\:false\:false\:true\:false\:false
Mcu.Pin16=PD3
Mcu.Pin13=PA13
UART7.IPParameters=BaudRate
Mcu.Pin14=PA14
Mcu.Pin19=PE1
UART7.BaudRate=19200
ProjectManager.ComputerToolchain=false
Mcu.Pin17=PB3
RCC.HSI_VALUE=16000000
Mcu.Pin18=PE0
NVIC.PriorityGroup=NVIC_PRIORITYGROUP_4
Mcu.Pin11=PB15
PG0.GPIOParameters=GPIO_Label
Mcu.Pin12=PG6
Mcu.Pin10=PB11
SPI2.DataSize=SPI_DATASIZE_8BIT
Dma.SPI2_TX.0.Direction=DMA_MEMORY_TO_PERIPH
RCC.SDMMC2Freq_Value=16000000
PB11.Locked=true
ProjectManager.DeviceId=STM32F765ZITx
PE0.Mode=Asynchronous
ProjectManager.LibraryCopy=1
isbadioc=false
